
Microsoft Visual Studio Solution File, Format Version 11.00
# Visual Studio 2010
Project("{8BC9CEB8-8B4A-11D0-8D11-00A0C91BC942}") = "uhdraw", "uhdraw.vcxproj", "{6CA37AC7-BB19-47AE-8096-6192FCA08811}"
EndProject
Global
	GlobalSection(SolutionConfigurationPlatforms) = preSolution
		Debug|Win32 = Debug|Win32
		Release|Win32 = Release|Win32
	EndGlobalSection
	GlobalSection(ProjectConfigurationPlatforms) = postSolution
		{6CA37AC7-BB19-47AE-8096-6192FCA08811}.Debug|Win32.ActiveCfg = Debug|Win32
		{6CA37AC7-BB19-47AE-8096-6192FCA08811}.Debug|Win32.Build.0 = Debug|Win32
		{6CA37AC7-BB19-47AE-8096-6192FCA08811}.Release|Win32.ActiveCfg = Release|Win32
		{6CA37AC7-BB19-47AE-8096-6192FCA08811}.Release|Win32.Build.0 = Release|Win32
	EndGlobalSection
	GlobalSection(SolutionProperties) = preSolution
		HideSolutionNode = FALSE
	EndGlobalSection
EndGlobal
